
Microsoft Visual Studio Solution File, Format Version 12.00
# Visual Studio Version 17
VisualStudioVersion = 17.4.33213.308
MinimumVisualStudioVersion = 10.0.40219.1
Project("{9A19103F-16F7-4668-BE54-9A1E7A4F7556}") = "SecurityJwt.Api", "SecurityJwt.Api\SecurityJwt.Api.csproj", "{F7A31251-F33C-4040-8A34-CEB56894722F}"
EndProject
Project("{9A19103F-16F7-4668-BE54-9A1E7A4F7556}") = "SecurityJwt.Application", "SecurityJwt.Application\SecurityJwt.Application.csproj", "{C466A389-F357-4A9D-AB9D-3FA1141106E1}"
EndProject
Project("{9A19103F-16F7-4668-BE54-9A1E7A4F7556}") = "SecurityJwt.Domain", "SecurityJwt.Domain\SecurityJwt.Domain.csproj", "{3DBBE6A2-FCC8-4D47-9706-E992CA468E62}"
EndProject
Project("{9A19103F-16F7-4668-BE54-9A1E7A4F7556}") = "SecurityJwt.Infrastructure", "SecurityJwt.Infrastructure\SecurityJwt.Infrastructure.csproj", "{B03B5D9E-F756-4461-8CC0-1B0542B699F0}"
EndProject
Project("{54A90642-561A-4BB1-A94E-469ADEE60C69}") = "securityjwt.client", "securityjwt.client\securityjwt.client.esproj", "{4F28BAE9-AE1A-47DB-81AB-3D8874946504}"
EndProject
Global
	GlobalSection(SolutionConfigurationPlatforms) = preSolution
		Debug|Any CPU = Debug|Any CPU
		Release|Any CPU = Release|Any CPU
	EndGlobalSection
	GlobalSection(ProjectConfigurationPlatforms) = postSolution
		{F7A31251-F33C-4040-8A34-CEB56894722F}.Debug|Any CPU.ActiveCfg = Debug|Any CPU
		{F7A31251-F33C-4040-8A34-CEB56894722F}.Debug|Any CPU.Build.0 = Debug|Any CPU
		{F7A31251-F33C-4040-8A34-CEB56894722F}.Release|Any CPU.ActiveCfg = Release|Any CPU
		{F7A31251-F33C-4040-8A34-CEB56894722F}.Release|Any CPU.Build.0 = Release|Any CPU
		{C466A389-F357-4A9D-AB9D-3FA1141106E1}.Debug|Any CPU.ActiveCfg = Debug|Any CPU
		{C466A389-F357-4A9D-AB9D-3FA1141106E1}.Debug|Any CPU.Build.0 = Debug|Any CPU
		{C466A389-F357-4A9D-AB9D-3FA1141106E1}.Release|Any CPU.ActiveCfg = Release|Any CPU
		{C466A389-F357-4A9D-AB9D-3FA1141106E1}.Release|Any CPU.Build.0 = Release|Any CPU
		{3DBBE6A2-FCC8-4D47-9706-E992CA468E62}.Debug|Any CPU.ActiveCfg = Debug|Any CPU
		{3DBBE6A2-FCC8-4D47-9706-E992CA468E62}.Debug|Any CPU.Build.0 = Debug|Any CPU
		{3DBBE6A2-FCC8-4D47-9706-E992CA468E62}.Release|Any CPU.ActiveCfg = Release|Any CPU
		{3DBBE6A2-FCC8-4D47-9706-E992CA468E62}.Release|Any CPU.Build.0 = Release|Any CPU
		{B03B5D9E-F756-4461-8CC0-1B0542B699F0}.Debug|Any CPU.ActiveCfg = Debug|Any CPU
		{B03B5D9E-F756-4461-8CC0-1B0542B699F0}.Debug|Any CPU.Build.0 = Debug|Any CPU
		{B03B5D9E-F756-4461-8CC0-1B0542B699F0}.Release|Any CPU.ActiveCfg = Release|Any CPU
		{B03B5D9E-F756-4461-8CC0-1B0542B699F0}.Release|Any CPU.Build.0 = Release|Any CPU
		{4F28BAE9-AE1A-47DB-81AB-3D8874946504}.Debug|Any CPU.ActiveCfg = Debug|Any CPU
		{4F28BAE9-AE1A-47DB-81AB-3D8874946504}.Debug|Any CPU.Build.0 = Debug|Any CPU
		{4F28BAE9-AE1A-47DB-81AB-3D8874946504}.Debug|Any CPU.Deploy.0 = Debug|Any CPU
		{4F28BAE9-AE1A-47DB-81AB-3D8874946504}.Release|Any CPU.ActiveCfg = Release|Any CPU
		{4F28BAE9-AE1A-47DB-81AB-3D8874946504}.Release|Any CPU.Build.0 = Release|Any CPU
		{4F28BAE9-AE1A-47DB-81AB-3D8874946504}.Release|Any CPU.Deploy.0 = Release|Any CPU
	EndGlobalSection
	GlobalSection(SolutionProperties) = preSolution
		HideSolutionNode = FALSE
	EndGlobalSection
	GlobalSection(ExtensibilityGlobals) = postSolution
		SolutionGuid = {C8ED01F9-2338-44FA-8D05-60A4E67F825E}
	EndGlobalSection
EndGlobal
